{
    "name": "hello",
    "version": "1.0.0",
    "lockfileVersion": 3,
    "requires": true,
    "packages": {
        "": {
            "name": "hello",
            "version": "1.0.0",
            "license": "ISC",
            "dependencies": {
                "@types/es6-promise": "^3.3.0",
                "easy-keyvalues": "^1.2.3",
                "fs": "latest",
                "path": "^0.12.7",
                "readline-promise": "latest"
            },
            "devDependencies": {
                "@types/node": "^22.1.0"
            }
        },
        "node_modules/@types/es6-promise": {
            "version": "3.3.0",
            "resolved": "https://registry.npmjs.org/@types/es6-promise/-/es6-promise-3.3.0.tgz",
            "integrity": "sha512-ixCIAEkLUKv9movnHKCzx2rzAJgEnSALDXPrOSSwOjWwXFs0ssSZKan+O2e3FExPPCbX+DfA9NcKsbvLuyUlNA==",
            "deprecated": "This is a stub types definition for es6-promise (https://github.com/jakearchibald/ES6-Promise). es6-promise provides its own type definitions, so you don't need @types/es6-promise installed!",
            "license": "MIT",
            "dependencies": {
                "es6-promise": "*"
            }
        },
        "node_modules/@types/node": {
            "version": "22.1.0",
            "resolved": "https://registry.npmjs.org/@types/node/-/node-22.1.0.tgz",
            "integrity": "sha512-AOmuRF0R2/5j1knA3c6G3HOk523Ga+l+ZXltX8SF1+5oqcXijjfTd8fY3XRZqSihEu9XhtQnKYLmkFaoxgsJHw==",
            "dev": true,
            "license": "MIT",
            "dependencies": {
                "undici-types": "~6.13.0"
            }
        },
        "node_modules/easy-keyvalues": {
            "version": "1.2.3",
            "resolved": "https://registry.npmjs.org/easy-keyvalues/-/easy-keyvalues-1.2.3.tgz",
            "integrity": "sha512-s4bOFQcIOIBcUYGjcMnfBldkq+JErp2Tadz0bWI3Dk0yk/3udtnhy3MkHyiiIQhktgx68uRhxiq1xVVk0AT4BA==",
            "license": "MIT",
            "engines": {
                "node": ">=16.0.0"
            }
        },
        "node_modules/es6-promise": {
            "version": "4.2.8",
            "resolved": "https://registry.npmjs.org/es6-promise/-/es6-promise-4.2.8.tgz",
            "integrity": "sha512-HJDGx5daxeIvxdBxvG2cb9g4tEvwIk3i8+nhX0yGrYmZUzbkdg8QbDevheDB8gd0//uPj4c1EQua8Q+MViT0/w==",
            "license": "MIT"
        },
        "node_modules/fs": {
            "version": "0.0.1-security",
            "resolved": "https://registry.npmjs.org/fs/-/fs-0.0.1-security.tgz",
            "integrity": "sha512-3XY9e1pP0CVEUCdj5BmfIZxRBTSDycnbqhIOGec9QYtmVH2fbLpj86CFWkrNOkt/Fvty4KZG5lTglL9j/gJ87w==",
            "license": "ISC"
        },
        "node_modules/inherits": {
            "version": "2.0.3",
            "resolved": "https://registry.npmjs.org/inherits/-/inherits-2.0.3.tgz",
            "integrity": "sha512-x00IRNXNy63jwGkJmzPigoySHbaqpNuzKbBOmzK+g2OdZpQ9w+sxCN+VSB3ja7IAge2OP2qpfxTjeNcyjmW1uw==",
            "license": "ISC"
        },
        "node_modules/path": {
            "version": "0.12.7",
            "resolved": "https://registry.npmjs.org/path/-/path-0.12.7.tgz",
            "integrity": "sha512-aXXC6s+1w7otVF9UletFkFcDsJeO7lSZBPUQhtb5O0xJe8LtYhj/GxldoL09bBj9+ZmE2hNoHqQSFMN5fikh4Q==",
            "license": "MIT",
            "dependencies": {
                "process": "^0.11.1",
                "util": "^0.10.3"
            }
        },
        "node_modules/process": {
            "version": "0.11.10",
            "resolved": "https://registry.npmjs.org/process/-/process-0.11.10.tgz",
            "integrity": "sha512-cdGef/drWFoydD1JsMzuFf8100nZl+GT+yacc2bEced5f9Rjk4z+WtFUTBu9PhOi9j/jfmBPu0mMEY4wIdAF8A==",
            "license": "MIT",
            "engines": {
                "node": ">= 0.6.0"
            }
        },
        "node_modules/readline-promise": {
            "version": "1.0.5",
            "resolved": "https://registry.npmjs.org/readline-promise/-/readline-promise-1.0.5.tgz",
            "integrity": "sha512-rlqCVq6aaHxJCOJ0CzDHUi9Kj9JPBpnGFkdl6JefVjy0O/dGuBP+CovaHfaftUwElUlIeUs0E/a3Z5y45vRTVA==",
            "license": "MIT"
        },
        "node_modules/undici-types": {
            "version": "6.13.0",
            "resolved": "https://registry.npmjs.org/undici-types/-/undici-types-6.13.0.tgz",
            "integrity": "sha512-xtFJHudx8S2DSoujjMd1WeWvn7KKWFRESZTMeL1RptAYERu29D6jphMjjY+vn96jvN3kVPDNxU/E13VTaXj6jg==",
            "dev": true,
            "license": "MIT"
        },
        "node_modules/util": {
            "version": "0.10.4",
            "resolved": "https://registry.npmjs.org/util/-/util-0.10.4.tgz",
            "integrity": "sha512-0Pm9hTQ3se5ll1XihRic3FDIku70C+iHUdT/W926rSgHV5QgXsYbKZN8MSC3tJtSkhuROzvsQjAaFENRXr+19A==",
            "license": "MIT",
            "dependencies": {
                "inherits": "2.0.3"
            }
        }
    }
}
